github.com/go-logr/logr v0.4.0 h1:K7/B1jt6fIBQVd4Owv2MqGQClcgf0R266+7C/QjRcLc=
github.com/go-logr/logr v0.4.0/go.mod h1:z6/tIYblkpsD+a4lm/fGIIU9mZ+XfAiaFtq7xTgseGU=
golang.org/x/sys v0.0.0-20211107104306-e0b2ad06fe42 h1:G2DDmludOQZoWbpCr7OKDxnl478ZBGMcOhrv+ooX/Q4=
golang.org/x/sys v0.0.0-20211107104306-e0b2ad06fe42/go.mod h1:oPkhp1MJrh7nUepCBck5+mAzfO9JrbApNNgaTdGDITg=
